
Microsoft Visual Studio Solution File, Format Version 12.00
# Visual Studio Version 16
VisualStudioVersion = 25.0.1706.9
MinimumVisualStudioVersion = 10.0.40219.1
Project("{FAE04EC0-301F-11D3-BF4B-00C04F79EFBC}") = "Buying.Infrastructure", "Buying.Infrastructure\Buying.Infrastructure.csproj", "{53FBD077-C85D-4C87-B6A2-A4ED928C72D5}"
EndProject
Project("{FAE04EC0-301F-11D3-BF4B-00C04F79EFBC}") = "Buying.Application", "Buying.Application\Buying.Application.csproj", "{D93021DD-9F99-4BC5-9BB3-E7B6942AD8C8}"
EndProject
Project("{FAE04EC0-301F-11D3-BF4B-00C04F79EFBC}") = "Buying.Api", "Buying.Api\Buying.Api.csproj", "{4362ED94-74E6-4816-8E9B-8303C68D697C}"
EndProject
Global
	GlobalSection(SolutionConfigurationPlatforms) = preSolution
		Debug|Any CPU = Debug|Any CPU
		Release|Any CPU = Release|Any CPU
	EndGlobalSection
	GlobalSection(ProjectConfigurationPlatforms) = postSolution
		{53FBD077-C85D-4C87-B6A2-A4ED928C72D5}.Debug|Any CPU.ActiveCfg = Debug|Any CPU
		{53FBD077-C85D-4C87-B6A2-A4ED928C72D5}.Debug|Any CPU.Build.0 = Debug|Any CPU
		{53FBD077-C85D-4C87-B6A2-A4ED928C72D5}.Release|Any CPU.ActiveCfg = Release|Any CPU
		{53FBD077-C85D-4C87-B6A2-A4ED928C72D5}.Release|Any CPU.Build.0 = Release|Any CPU
		{D93021DD-9F99-4BC5-9BB3-E7B6942AD8C8}.Debug|Any CPU.ActiveCfg = Debug|Any CPU
		{D93021DD-9F99-4BC5-9BB3-E7B6942AD8C8}.Debug|Any CPU.Build.0 = Debug|Any CPU
		{D93021DD-9F99-4BC5-9BB3-E7B6942AD8C8}.Release|Any CPU.ActiveCfg = Release|Any CPU
		{D93021DD-9F99-4BC5-9BB3-E7B6942AD8C8}.Release|Any CPU.Build.0 = Release|Any CPU
		{4362ED94-74E6-4816-8E9B-8303C68D697C}.Debug|Any CPU.ActiveCfg = Debug|Any CPU
		{4362ED94-74E6-4816-8E9B-8303C68D697C}.Debug|Any CPU.Build.0 = Debug|Any CPU
		{4362ED94-74E6-4816-8E9B-8303C68D697C}.Release|Any CPU.ActiveCfg = Release|Any CPU
		{4362ED94-74E6-4816-8E9B-8303C68D697C}.Release|Any CPU.Build.0 = Release|Any CPU
	EndGlobalSection
	GlobalSection(SolutionProperties) = preSolution
		HideSolutionNode = FALSE
	EndGlobalSection
	GlobalSection(ExtensibilityGlobals) = postSolution
		SolutionGuid = {6B8DAB36-B413-422B-839A-2F0025E59728}
	EndGlobalSection
EndGlobal
